
Microsoft Visual Studio Solution File, Format Version 12.00
# Visual Studio Version 16
VisualStudioVersion = 16.0.30114.105
MinimumVisualStudioVersion = 10.0.40219.1
Project("{8BC9CEB8-8B4A-11D0-8D11-00A0C91BC942}") = "TLDCheat", "TLDCheat.vcxproj", "{B2343866-E899-4142-8BED-745F2B4BD71F}"
EndProject
Global
	GlobalSection(SolutionConfigurationPlatforms) = preSolution
		Debug|x64 = Debug|x64
		Release|x64 = Release|x64
	EndGlobalSection
	GlobalSection(ProjectConfigurationPlatforms) = postSolution
		{B2343866-E899-4142-8BED-745F2B4BD71F}.Debug|x64.ActiveCfg = Debug|x64
		{B2343866-E899-4142-8BED-745F2B4BD71F}.Debug|x64.Build.0 = Debug|x64
		{B2343866-E899-4142-8BED-745F2B4BD71F}.Release|x64.ActiveCfg = Release|x64
		{B2343866-E899-4142-8BED-745F2B4BD71F}.Release|x64.Build.0 = Release|x64
	EndGlobalSection
	GlobalSection(SolutionProperties) = preSolution
		HideSolutionNode = FALSE
	EndGlobalSection
	GlobalSection(ExtensibilityGlobals) = postSolution
		SolutionGuid = {BED97ACF-8F03-4169-9F8C-29E0360B8F31}
	EndGlobalSection
EndGlobal
